
Microsoft Visual Studio Solution File, Format Version 12.00
Project("{FAE04EC0-301F-11D3-BF4B-00C04F79EFBC}") = "Simbirsoft_Weather", "Simbirsoft_Weather\Simbirsoft_Weather.csproj", "{EA594AB9-636F-4346-83D0-54341B9F66A0}"
EndProject
Global
	GlobalSection(SolutionConfigurationPlatforms) = preSolution
		Debug|Any CPU = Debug|Any CPU
		Release|Any CPU = Release|Any CPU
	EndGlobalSection
	GlobalSection(ProjectConfigurationPlatforms) = postSolution
		{EA594AB9-636F-4346-83D0-54341B9F66A0}.Debug|Any CPU.ActiveCfg = Debug|Any CPU
		{EA594AB9-636F-4346-83D0-54341B9F66A0}.Debug|Any CPU.Build.0 = Debug|Any CPU
		{EA594AB9-636F-4346-83D0-54341B9F66A0}.Release|Any CPU.ActiveCfg = Release|Any CPU
		{EA594AB9-636F-4346-83D0-54341B9F66A0}.Release|Any CPU.Build.0 = Release|Any CPU
	EndGlobalSection
EndGlobal
